
Microsoft Visual Studio Solution File, Format Version 12.00
# Visual Studio Version 17
VisualStudioVersion = 17.3.32929.385
MinimumVisualStudioVersion = 10.0.40219.1
Project("{9A19103F-16F7-4668-BE54-9A1E7A4F7556}") = "01_Intro", "01_Intro\01_Intro.csproj", "{E980716E-BB16-4537-9D28-AFE69CF72D6F}"
EndProject
Project("{9A19103F-16F7-4668-BE54-9A1E7A4F7556}") = "02_MarginPadding", "02_MarginPadding\02_MarginPadding.csproj", "{EC351EAE-F7DF-415B-83A6-F546010E31B0}"
EndProject
Project("{9A19103F-16F7-4668-BE54-9A1E7A4F7556}") = "03_Controls", "03_Controls\03_Controls.csproj", "{5FAE632F-CC45-4947-BC05-D500C9FD533C}"
EndProject
Project("{9A19103F-16F7-4668-BE54-9A1E7A4F7556}") = "04_DataBindings", "04_DataBindings\04_DataBindings.csproj", "{E714B09B-DBA4-4966-99D0-2A312F922ECE}"
EndProject
Project("{9A19103F-16F7-4668-BE54-9A1E7A4F7556}") = "05_DataBindingWithCode", "05_DataBindingWithCode\05_DataBindingWithCode.csproj", "{3B030647-1E34-4849-BDCA-234A53270AAA}"
EndProject
Project("{9A19103F-16F7-4668-BE54-9A1E7A4F7556}") = "06_Notebook", "06_Notebook\06_Notebook.csproj", "{64B7167A-ECAF-403E-A7C1-0A80DE2766AA}"
EndProject
Project("{FAE04EC0-301F-11D3-BF4B-00C04F79EFBC}") = "07_file_viewer", "07_file_viewer\07_file_viewer.csproj", "{B845DCCF-82D3-4FF5-AB82-F42F3E937506}"
EndProject
Global
	GlobalSection(SolutionConfigurationPlatforms) = preSolution
		Debug|Any CPU = Debug|Any CPU
		Release|Any CPU = Release|Any CPU
	EndGlobalSection
	GlobalSection(ProjectConfigurationPlatforms) = postSolution
		{E980716E-BB16-4537-9D28-AFE69CF72D6F}.Debug|Any CPU.ActiveCfg = Debug|Any CPU
		{E980716E-BB16-4537-9D28-AFE69CF72D6F}.Debug|Any CPU.Build.0 = Debug|Any CPU
		{E980716E-BB16-4537-9D28-AFE69CF72D6F}.Release|Any CPU.ActiveCfg = Release|Any CPU
		{E980716E-BB16-4537-9D28-AFE69CF72D6F}.Release|Any CPU.Build.0 = Release|Any CPU
		{EC351EAE-F7DF-415B-83A6-F546010E31B0}.Debug|Any CPU.ActiveCfg = Debug|Any CPU
		{EC351EAE-F7DF-415B-83A6-F546010E31B0}.Debug|Any CPU.Build.0 = Debug|Any CPU
		{EC351EAE-F7DF-415B-83A6-F546010E31B0}.Release|Any CPU.ActiveCfg = Release|Any CPU
		{EC351EAE-F7DF-415B-83A6-F546010E31B0}.Release|Any CPU.Build.0 = Release|Any CPU
		{5FAE632F-CC45-4947-BC05-D500C9FD533C}.Debug|Any CPU.ActiveCfg = Debug|Any CPU
		{5FAE632F-CC45-4947-BC05-D500C9FD533C}.Debug|Any CPU.Build.0 = Debug|Any CPU
		{5FAE632F-CC45-4947-BC05-D500C9FD533C}.Release|Any CPU.ActiveCfg = Release|Any CPU
		{5FAE632F-CC45-4947-BC05-D500C9FD533C}.Release|Any CPU.Build.0 = Release|Any CPU
		{E714B09B-DBA4-4966-99D0-2A312F922ECE}.Debug|Any CPU.ActiveCfg = Debug|Any CPU
		{E714B09B-DBA4-4966-99D0-2A312F922ECE}.Debug|Any CPU.Build.0 = Debug|Any CPU
		{E714B09B-DBA4-4966-99D0-2A312F922ECE}.Release|Any CPU.ActiveCfg = Release|Any CPU
		{E714B09B-DBA4-4966-99D0-2A312F922ECE}.Release|Any CPU.Build.0 = Release|Any CPU
		{3B030647-1E34-4849-BDCA-234A53270AAA}.Debug|Any CPU.ActiveCfg = Debug|Any CPU
		{3B030647-1E34-4849-BDCA-234A53270AAA}.Debug|Any CPU.Build.0 = Debug|Any CPU
		{3B030647-1E34-4849-BDCA-234A53270AAA}.Release|Any CPU.ActiveCfg = Release|Any CPU
		{3B030647-1E34-4849-BDCA-234A53270AAA}.Release|Any CPU.Build.0 = Release|Any CPU
		{64B7167A-ECAF-403E-A7C1-0A80DE2766AA}.Debug|Any CPU.ActiveCfg = Debug|Any CPU
		{64B7167A-ECAF-403E-A7C1-0A80DE2766AA}.Debug|Any CPU.Build.0 = Debug|Any CPU
		{64B7167A-ECAF-403E-A7C1-0A80DE2766AA}.Release|Any CPU.ActiveCfg = Release|Any CPU
		{64B7167A-ECAF-403E-A7C1-0A80DE2766AA}.Release|Any CPU.Build.0 = Release|Any CPU
		{B845DCCF-82D3-4FF5-AB82-F42F3E937506}.Debug|Any CPU.ActiveCfg = Debug|Any CPU
		{B845DCCF-82D3-4FF5-AB82-F42F3E937506}.Debug|Any CPU.Build.0 = Debug|Any CPU
		{B845DCCF-82D3-4FF5-AB82-F42F3E937506}.Release|Any CPU.ActiveCfg = Release|Any CPU
		{B845DCCF-82D3-4FF5-AB82-F42F3E937506}.Release|Any CPU.Build.0 = Release|Any CPU
	EndGlobalSection
	GlobalSection(SolutionProperties) = preSolution
		HideSolutionNode = FALSE
	EndGlobalSection
	GlobalSection(ExtensibilityGlobals) = postSolution
		SolutionGuid = {D024D458-09EE-41CC-9309-8D39FE090B30}
	EndGlobalSection
EndGlobal
